
Microsoft Visual Studio Solution File, Format Version 12.00
# Visual Studio 15
VisualStudioVersion = 15.0.27130.2024
MinimumVisualStudioVersion = 10.0.40219.1
Project("{9A19103F-16F7-4668-BE54-9A1E7A4F7556}") = "ReversedNumberWithStack", "ReversedNumberWithStack\ReversedNumberWithStack.csproj", "{DF65693F-D8EF-46B5-97DA-762AF895C2B6}"
EndProject
Project("{9A19103F-16F7-4668-BE54-9A1E7A4F7556}") = "BasicStackOperations", "BasicStackOperations\BasicStackOperations.csproj", "{8A59D23F-1D6E-4E46-B67B-5C6F97B0D86A}"
EndProject
Project("{9A19103F-16F7-4668-BE54-9A1E7A4F7556}") = "MaximumElement", "MaximumElement\MaximumElement.csproj", "{07E5DDD8-6ABC-4DB6-BC3D-DA13670A1E66}"
EndProject
Project("{9A19103F-16F7-4668-BE54-9A1E7A4F7556}") = "BasicQueueOperations", "BasicQueueOperations\BasicQueueOperations.csproj", "{781AF936-F077-4689-9F3D-34F24CECE6E6}"
EndProject
Project("{FAE04EC0-301F-11D3-BF4B-00C04F79EFBC}") = "CalculateSequenceWithQueue", "CalculateSequenceWithQueue\CalculateSequenceWithQueue.csproj", "{972A9A7A-37FA-4CEF-99F0-6D4B465EA1BB}"
EndProject
Project("{FAE04EC0-301F-11D3-BF4B-00C04F79EFBC}") = "TruckTour", "TruckTour\TruckTour.csproj", "{62C9426D-A1F7-4B07-ACE5-3245C5411126}"
EndProject
Project("{FAE04EC0-301F-11D3-BF4B-00C04F79EFBC}") = "BalancedParentheses", "BalancedParentheses\BalancedParentheses.csproj", "{5653D218-5007-4615-B1AB-E95696F1598C}"
EndProject
Project("{FAE04EC0-301F-11D3-BF4B-00C04F79EFBC}") = "RecursiveFibonacci", "RecursiveFibonacci\RecursiveFibonacci.csproj", "{97927245-813E-468B-BA59-51AD1E425F78}"
EndProject
Project("{FAE04EC0-301F-11D3-BF4B-00C04F79EFBC}") = "StackFibonacci", "StackFibonacci\StackFibonacci.csproj", "{37C1020D-ED1A-4128-96F2-15FC25A51308}"
EndProject
Project("{FAE04EC0-301F-11D3-BF4B-00C04F79EFBC}") = "SimpleTextEditor", "SimpleTextEditor\SimpleTextEditor.csproj", "{C56B41C8-A24D-422A-8C68-67A71EBB81B5}"
EndProject
Global
	GlobalSection(SolutionConfigurationPlatforms) = preSolution
		Debug|Any CPU = Debug|Any CPU
		Release|Any CPU = Release|Any CPU
	EndGlobalSection
	GlobalSection(ProjectConfigurationPlatforms) = postSolution
		{DF65693F-D8EF-46B5-97DA-762AF895C2B6}.Debug|Any CPU.ActiveCfg = Debug|Any CPU
		{DF65693F-D8EF-46B5-97DA-762AF895C2B6}.Debug|Any CPU.Build.0 = Debug|Any CPU
		{DF65693F-D8EF-46B5-97DA-762AF895C2B6}.Release|Any CPU.ActiveCfg = Release|Any CPU
		{DF65693F-D8EF-46B5-97DA-762AF895C2B6}.Release|Any CPU.Build.0 = Release|Any CPU
		{8A59D23F-1D6E-4E46-B67B-5C6F97B0D86A}.Debug|Any CPU.ActiveCfg = Debug|Any CPU
		{8A59D23F-1D6E-4E46-B67B-5C6F97B0D86A}.Debug|Any CPU.Build.0 = Debug|Any CPU
		{8A59D23F-1D6E-4E46-B67B-5C6F97B0D86A}.Release|Any CPU.ActiveCfg = Release|Any CPU
		{8A59D23F-1D6E-4E46-B67B-5C6F97B0D86A}.Release|Any CPU.Build.0 = Release|Any CPU
		{07E5DDD8-6ABC-4DB6-BC3D-DA13670A1E66}.Debug|Any CPU.ActiveCfg = Debug|Any CPU
		{07E5DDD8-6ABC-4DB6-BC3D-DA13670A1E66}.Debug|Any CPU.Build.0 = Debug|Any CPU
		{07E5DDD8-6ABC-4DB6-BC3D-DA13670A1E66}.Release|Any CPU.ActiveCfg = Release|Any CPU
		{07E5DDD8-6ABC-4DB6-BC3D-DA13670A1E66}.Release|Any CPU.Build.0 = Release|Any CPU
		{781AF936-F077-4689-9F3D-34F24CECE6E6}.Debug|Any CPU.ActiveCfg = Debug|Any CPU
		{781AF936-F077-4689-9F3D-34F24CECE6E6}.Debug|Any CPU.Build.0 = Debug|Any CPU
		{781AF936-F077-4689-9F3D-34F24CECE6E6}.Release|Any CPU.ActiveCfg = Release|Any CPU
		{781AF936-F077-4689-9F3D-34F24CECE6E6}.Release|Any CPU.Build.0 = Release|Any CPU
		{972A9A7A-37FA-4CEF-99F0-6D4B465EA1BB}.Debug|Any CPU.ActiveCfg = Debug|Any CPU
		{972A9A7A-37FA-4CEF-99F0-6D4B465EA1BB}.Debug|Any CPU.Build.0 = Debug|Any CPU
		{972A9A7A-37FA-4CEF-99F0-6D4B465EA1BB}.Release|Any CPU.ActiveCfg = Release|Any CPU
		{972A9A7A-37FA-4CEF-99F0-6D4B465EA1BB}.Release|Any CPU.Build.0 = Release|Any CPU
		{62C9426D-A1F7-4B07-ACE5-3245C5411126}.Debug|Any CPU.ActiveCfg = Debug|Any CPU
		{62C9426D-A1F7-4B07-ACE5-3245C5411126}.Debug|Any CPU.Build.0 = Debug|Any CPU
		{62C9426D-A1F7-4B07-ACE5-3245C5411126}.Release|Any CPU.ActiveCfg = Release|Any CPU
		{62C9426D-A1F7-4B07-ACE5-3245C5411126}.Release|Any CPU.Build.0 = Release|Any CPU
		{5653D218-5007-4615-B1AB-E95696F1598C}.Debug|Any CPU.ActiveCfg = Debug|Any CPU
		{5653D218-5007-4615-B1AB-E95696F1598C}.Debug|Any CPU.Build.0 = Debug|Any CPU
		{5653D218-5007-4615-B1AB-E95696F1598C}.Release|Any CPU.ActiveCfg = Release|Any CPU
		{5653D218-5007-4615-B1AB-E95696F1598C}.Release|Any CPU.Build.0 = Release|Any CPU
		{97927245-813E-468B-BA59-51AD1E425F78}.Debug|Any CPU.ActiveCfg = Debug|Any CPU
		{97927245-813E-468B-BA59-51AD1E425F78}.Debug|Any CPU.Build.0 = Debug|Any CPU
		{97927245-813E-468B-BA59-51AD1E425F78}.Release|Any CPU.ActiveCfg = Release|Any CPU
		{97927245-813E-468B-BA59-51AD1E425F78}.Release|Any CPU.Build.0 = Release|Any CPU
		{37C1020D-ED1A-4128-96F2-15FC25A51308}.Debug|Any CPU.ActiveCfg = Debug|Any CPU
		{37C1020D-ED1A-4128-96F2-15FC25A51308}.Debug|Any CPU.Build.0 = Debug|Any CPU
		{37C1020D-ED1A-4128-96F2-15FC25A51308}.Release|Any CPU.ActiveCfg = Release|Any CPU
		{37C1020D-ED1A-4128-96F2-15FC25A51308}.Release|Any CPU.Build.0 = Release|Any CPU
		{C56B41C8-A24D-422A-8C68-67A71EBB81B5}.Debug|Any CPU.ActiveCfg = Debug|Any CPU
		{C56B41C8-A24D-422A-8C68-67A71EBB81B5}.Debug|Any CPU.Build.0 = Debug|Any CPU
		{C56B41C8-A24D-422A-8C68-67A71EBB81B5}.Release|Any CPU.ActiveCfg = Release|Any CPU
		{C56B41C8-A24D-422A-8C68-67A71EBB81B5}.Release|Any CPU.Build.0 = Release|Any CPU
	EndGlobalSection
	GlobalSection(SolutionProperties) = preSolution
		HideSolutionNode = FALSE
	EndGlobalSection
	GlobalSection(ExtensibilityGlobals) = postSolution
		SolutionGuid = {59632FB4-664E-449F-A024-2F8A11525747}
	EndGlobalSection
EndGlobal
