
Microsoft Visual Studio Solution File, Format Version 12.00
# Visual Studio 15
VisualStudioVersion = 15.0.27130.2026
MinimumVisualStudioVersion = 10.0.40219.1
Project("{FAE04EC0-301F-11D3-BF4B-00C04F79EFBC}") = "SortEvenNumbers", "SortEvenNumbers\SortEvenNumbers.csproj", "{A24E3134-5311-4D50-BC4B-1F183E281853}"
EndProject
Project("{FAE04EC0-301F-11D3-BF4B-00C04F79EFBC}") = "SumNumbers", "SumNumbers\SumNumbers.csproj", "{1F58D754-0EF6-44E9-A1DC-E7C43B95435A}"
EndProject
Project("{FAE04EC0-301F-11D3-BF4B-00C04F79EFBC}") = "CountUppercaseWords", "CountUppercaseWords\CountUppercaseWords.csproj", "{D655B746-BC16-4981-BA31-667121C94A86}"
EndProject
Project("{FAE04EC0-301F-11D3-BF4B-00C04F79EFBC}") = "AddVAT", "AddVAT\AddVAT.csproj", "{F3554D4E-993E-4D16-AC46-D2DF78DF0CBD}"
EndProject
Global
	GlobalSection(SolutionConfigurationPlatforms) = preSolution
		Debug|Any CPU = Debug|Any CPU
		Release|Any CPU = Release|Any CPU
	EndGlobalSection
	GlobalSection(ProjectConfigurationPlatforms) = postSolution
		{A24E3134-5311-4D50-BC4B-1F183E281853}.Debug|Any CPU.ActiveCfg = Debug|Any CPU
		{A24E3134-5311-4D50-BC4B-1F183E281853}.Debug|Any CPU.Build.0 = Debug|Any CPU
		{A24E3134-5311-4D50-BC4B-1F183E281853}.Release|Any CPU.ActiveCfg = Release|Any CPU
		{A24E3134-5311-4D50-BC4B-1F183E281853}.Release|Any CPU.Build.0 = Release|Any CPU
		{1F58D754-0EF6-44E9-A1DC-E7C43B95435A}.Debug|Any CPU.ActiveCfg = Debug|Any CPU
		{1F58D754-0EF6-44E9-A1DC-E7C43B95435A}.Debug|Any CPU.Build.0 = Debug|Any CPU
		{1F58D754-0EF6-44E9-A1DC-E7C43B95435A}.Release|Any CPU.ActiveCfg = Release|Any CPU
		{1F58D754-0EF6-44E9-A1DC-E7C43B95435A}.Release|Any CPU.Build.0 = Release|Any CPU
		{D655B746-BC16-4981-BA31-667121C94A86}.Debug|Any CPU.ActiveCfg = Debug|Any CPU
		{D655B746-BC16-4981-BA31-667121C94A86}.Debug|Any CPU.Build.0 = Debug|Any CPU
		{D655B746-BC16-4981-BA31-667121C94A86}.Release|Any CPU.ActiveCfg = Release|Any CPU
		{D655B746-BC16-4981-BA31-667121C94A86}.Release|Any CPU.Build.0 = Release|Any CPU
		{F3554D4E-993E-4D16-AC46-D2DF78DF0CBD}.Debug|Any CPU.ActiveCfg = Debug|Any CPU
		{F3554D4E-993E-4D16-AC46-D2DF78DF0CBD}.Debug|Any CPU.Build.0 = Debug|Any CPU
		{F3554D4E-993E-4D16-AC46-D2DF78DF0CBD}.Release|Any CPU.ActiveCfg = Release|Any CPU
		{F3554D4E-993E-4D16-AC46-D2DF78DF0CBD}.Release|Any CPU.Build.0 = Release|Any CPU
	EndGlobalSection
	GlobalSection(SolutionProperties) = preSolution
		HideSolutionNode = FALSE
	EndGlobalSection
	GlobalSection(ExtensibilityGlobals) = postSolution
		SolutionGuid = {7362A17F-D75D-4C93-BD4C-58C4F1F5570C}
	EndGlobalSection
EndGlobal
